{
  "name": "polytope",
  "version": "1.0.0",
  "lockfileVersion": 3,
  "requires": true,
  "packages": {
    "": {
      "name": "polytope",
      "version": "1.0.0",
      "license": "ISC",
      "dependencies": {
        "conway-hart": "^0.1.0"
      }
    },
    "node_modules/conway-hart": {
      "version": "0.1.0",
      "resolved": "https://registry.npmjs.org/conway-hart/-/conway-hart-0.1.0.tgz",
      "integrity": "sha512-oZfi8OH1wSEf0tWwjj7yWvpvJO9qFVzkvlxS4W+k0Hi9p9b5CKaOHTxDzcWeF9vjGj4uP4dsweUmEWA6DZEoxg==",
      "license": "GPL"
    }
  }
}
